
Microsoft Visual Studio Solution File, Format Version 12.00
# Visual Studio Version 16
VisualStudioVersion = 16.0.29911.84
MinimumVisualStudioVersion = 10.0.40219.1
Project("{9A19103F-16F7-4668-BE54-9A1E7A4F7556}") = "homework1.1", "homework1.1\homework1.1.csproj", "{4FA7EB78-EDAC-451A-9BAE-9532EF822867}"
EndProject
Project("{FAE04EC0-301F-11D3-BF4B-00C04F79EFBC}") = "homework1.2", "homework1.2\homework1.2.csproj", "{F91AC75F-62D6-4FC6-A5FC-E5DFD73098DF}"
EndProject
Global
	GlobalSection(SolutionConfigurationPlatforms) = preSolution
		Debug|Any CPU = Debug|Any CPU
		Release|Any CPU = Release|Any CPU
	EndGlobalSection
	GlobalSection(ProjectConfigurationPlatforms) = postSolution
		{4FA7EB78-EDAC-451A-9BAE-9532EF822867}.Debug|Any CPU.ActiveCfg = Debug|Any CPU
		{4FA7EB78-EDAC-451A-9BAE-9532EF822867}.Debug|Any CPU.Build.0 = Debug|Any CPU
		{4FA7EB78-EDAC-451A-9BAE-9532EF822867}.Release|Any CPU.ActiveCfg = Release|Any CPU
		{4FA7EB78-EDAC-451A-9BAE-9532EF822867}.Release|Any CPU.Build.0 = Release|Any CPU
		{F91AC75F-62D6-4FC6-A5FC-E5DFD73098DF}.Debug|Any CPU.ActiveCfg = Debug|Any CPU
		{F91AC75F-62D6-4FC6-A5FC-E5DFD73098DF}.Debug|Any CPU.Build.0 = Debug|Any CPU
		{F91AC75F-62D6-4FC6-A5FC-E5DFD73098DF}.Release|Any CPU.ActiveCfg = Release|Any CPU
		{F91AC75F-62D6-4FC6-A5FC-E5DFD73098DF}.Release|Any CPU.Build.0 = Release|Any CPU
	EndGlobalSection
	GlobalSection(SolutionProperties) = preSolution
		HideSolutionNode = FALSE
	EndGlobalSection
	GlobalSection(ExtensibilityGlobals) = postSolution
		SolutionGuid = {3532038B-EFD1-44B8-A70B-23BA3761E5A7}
	EndGlobalSection
EndGlobal
